
Microsoft Visual Studio Solution File, Format Version 12.00
# Visual Studio Version 17
VisualStudioVersion = 17.2.32519.379
MinimumVisualStudioVersion = 10.0.40219.1
Project("{FAE04EC0-301F-11D3-BF4B-00C04F79EFBC}") = "day13 maximum integer", "day13 maximum integer\day13 maximum integer.csproj", "{262D0977-E456-498A-86B1-15C6D42C0005}"
EndProject
Global
	GlobalSection(SolutionConfigurationPlatforms) = preSolution
		Debug|Any CPU = Debug|Any CPU
		Release|Any CPU = Release|Any CPU
	EndGlobalSection
	GlobalSection(ProjectConfigurationPlatforms) = postSolution
		{262D0977-E456-498A-86B1-15C6D42C0005}.Debug|Any CPU.ActiveCfg = Debug|Any CPU
		{262D0977-E456-498A-86B1-15C6D42C0005}.Debug|Any CPU.Build.0 = Debug|Any CPU
		{262D0977-E456-498A-86B1-15C6D42C0005}.Release|Any CPU.ActiveCfg = Release|Any CPU
		{262D0977-E456-498A-86B1-15C6D42C0005}.Release|Any CPU.Build.0 = Release|Any CPU
	EndGlobalSection
	GlobalSection(SolutionProperties) = preSolution
		HideSolutionNode = FALSE
	EndGlobalSection
	GlobalSection(ExtensibilityGlobals) = postSolution
		SolutionGuid = {B6EAFE0B-D57C-40A5-818A-BC7A2927036A}
	EndGlobalSection
EndGlobal
